{
  "name": "tree-sitter-dslx",
  "version": "0.1.0",
  "lockfileVersion": 3,
  "requires": true,
  "packages": {
    "": {
      "name": "tree-sitter-dslx",
      "version": "0.1.0",
      "license": "Apache-2.0",
      "devDependencies": {
        "web-tree-sitter": "0.26.11"
      },
      "engines": {
        "node": ">=24 <25"
      }
    },
    "node_modules/web-tree-sitter": {
      "version": "0.26.11",
      "resolved": "https://registry.npmjs.org/web-tree-sitter/-/web-tree-sitter-0.26.11.tgz",
      "integrity": "sha512-Q5Dm3YTIXSXuH6FxX6RuzX2Qwpc4DPGiYMU87Wg5Z8OIStiQFiUex4zMDc0vBTw78EphaYJacncJghCHzbZptg==",
      "dev": true,
      "license": "MIT"
    }
  }
}
